
Microsoft Visual Studio Solution File, Format Version 12.00
# Visual Studio Version 17
VisualStudioVersion = 17.8.34330.188
MinimumVisualStudioVersion = 10.0.40219.1
Project("{FAE04EC0-301F-11D3-BF4B-00C04F79EFBC}") = "Chat.UI.Infrastructure", "Chat.UI.Infrastructure\Chat.UI.Infrastructure.csproj", "{E9C3B345-A592-4FE6-BB6D-99372B430316}"
EndProject
Project("{2150E333-8FDC-42A3-9474-1A3956D46DE8}") = "Core", "Core", "{1647AE11-AECC-4293-8BFF-BACA6237BA69}"
EndProject
Project("{2150E333-8FDC-42A3-9474-1A3956D46DE8}") = "Abstractions", "Abstractions", "{B4A15B5B-6C31-48A9-A19B-77126B56F6E1}"
EndProject
Project("{2150E333-8FDC-42A3-9474-1A3956D46DE8}") = "Services", "Services", "{707846BE-2EA3-4B67-A970-ED9A4DFDF81F}"
EndProject
Project("{2150E333-8FDC-42A3-9474-1A3956D46DE8}") = "UI", "UI", "{89478ABD-D968-4D04-A5F4-1766814C0EE6}"
EndProject
Project("{2150E333-8FDC-42A3-9474-1A3956D46DE8}") = "Web", "Web", "{30054464-61AF-4820-B519-40373B000EC1}"
EndProject
Project("{FAE04EC0-301F-11D3-BF4B-00C04F79EFBC}") = "Chat.Contracts", "Chat.Contracts\Chat.Contracts.csproj", "{60310901-864E-43E6-8808-FA2412435AF0}"
EndProject
Project("{FAE04EC0-301F-11D3-BF4B-00C04F79EFBC}") = "Chat.API", "Chat.API\Chat.API.csproj", "{C2DEBB09-F527-46B6-A82B-C00AAA581EE9}"
EndProject
Project("{FAE04EC0-301F-11D3-BF4B-00C04F79EFBC}") = "Chat.Services", "Chat.Services\Chat.Services.csproj", "{1991B48C-9D2F-44F0-BCE7-AECB825A4AE8}"
EndProject
Project("{FAE04EC0-301F-11D3-BF4B-00C04F79EFBC}") = "Chat.UI", "Chat.UI\Chat.UI.csproj", "{AF451EDC-D1C4-4F93-92F0-B6EDDCD7A56D}"
EndProject
Project("{FAE04EC0-301F-11D3-BF4B-00C04F79EFBC}") = "Chat.BusinessObjects", "Chat.BusinessObjects\Chat.BusinessObjects.csproj", "{03D3BB64-BEA9-4B03-8069-1B841CEA2BE0}"
EndProject
Project("{2150E333-8FDC-42A3-9474-1A3956D46DE8}") = "Managers", "Managers", "{A9CD40BE-C00C-4F98-A6CD-75FD28B30F4F}"
EndProject
Project("{FAE04EC0-301F-11D3-BF4B-00C04F79EFBC}") = "Chat.Managers", "Chat.Managers\Chat.Managers.csproj", "{C99FD9D4-5070-4EB5-9444-98E5A2F0FDDC}"
EndProject
Global
	GlobalSection(SolutionConfigurationPlatforms) = preSolution
		Debug|Any CPU = Debug|Any CPU
		Release|Any CPU = Release|Any CPU
	EndGlobalSection
	GlobalSection(ProjectConfigurationPlatforms) = postSolution
		{E9C3B345-A592-4FE6-BB6D-99372B430316}.Debug|Any CPU.ActiveCfg = Debug|Any CPU
		{E9C3B345-A592-4FE6-BB6D-99372B430316}.Debug|Any CPU.Build.0 = Debug|Any CPU
		{E9C3B345-A592-4FE6-BB6D-99372B430316}.Release|Any CPU.ActiveCfg = Release|Any CPU
		{E9C3B345-A592-4FE6-BB6D-99372B430316}.Release|Any CPU.Build.0 = Release|Any CPU
		{60310901-864E-43E6-8808-FA2412435AF0}.Debug|Any CPU.ActiveCfg = Debug|Any CPU
		{60310901-864E-43E6-8808-FA2412435AF0}.Debug|Any CPU.Build.0 = Debug|Any CPU
		{60310901-864E-43E6-8808-FA2412435AF0}.Release|Any CPU.ActiveCfg = Release|Any CPU
		{60310901-864E-43E6-8808-FA2412435AF0}.Release|Any CPU.Build.0 = Release|Any CPU
		{C2DEBB09-F527-46B6-A82B-C00AAA581EE9}.Debug|Any CPU.ActiveCfg = Debug|Any CPU
		{C2DEBB09-F527-46B6-A82B-C00AAA581EE9}.Debug|Any CPU.Build.0 = Debug|Any CPU
		{C2DEBB09-F527-46B6-A82B-C00AAA581EE9}.Release|Any CPU.ActiveCfg = Release|Any CPU
		{C2DEBB09-F527-46B6-A82B-C00AAA581EE9}.Release|Any CPU.Build.0 = Release|Any CPU
		{1991B48C-9D2F-44F0-BCE7-AECB825A4AE8}.Debug|Any CPU.ActiveCfg = Debug|Any CPU
		{1991B48C-9D2F-44F0-BCE7-AECB825A4AE8}.Debug|Any CPU.Build.0 = Debug|Any CPU
		{1991B48C-9D2F-44F0-BCE7-AECB825A4AE8}.Release|Any CPU.ActiveCfg = Release|Any CPU
		{1991B48C-9D2F-44F0-BCE7-AECB825A4AE8}.Release|Any CPU.Build.0 = Release|Any CPU
		{AF451EDC-D1C4-4F93-92F0-B6EDDCD7A56D}.Debug|Any CPU.ActiveCfg = Debug|Any CPU
		{AF451EDC-D1C4-4F93-92F0-B6EDDCD7A56D}.Debug|Any CPU.Build.0 = Debug|Any CPU
		{AF451EDC-D1C4-4F93-92F0-B6EDDCD7A56D}.Release|Any CPU.ActiveCfg = Release|Any CPU
		{AF451EDC-D1C4-4F93-92F0-B6EDDCD7A56D}.Release|Any CPU.Build.0 = Release|Any CPU
		{03D3BB64-BEA9-4B03-8069-1B841CEA2BE0}.Debug|Any CPU.ActiveCfg = Debug|Any CPU
		{03D3BB64-BEA9-4B03-8069-1B841CEA2BE0}.Debug|Any CPU.Build.0 = Debug|Any CPU
		{03D3BB64-BEA9-4B03-8069-1B841CEA2BE0}.Release|Any CPU.ActiveCfg = Release|Any CPU
		{03D3BB64-BEA9-4B03-8069-1B841CEA2BE0}.Release|Any CPU.Build.0 = Release|Any CPU
		{C99FD9D4-5070-4EB5-9444-98E5A2F0FDDC}.Debug|Any CPU.ActiveCfg = Debug|Any CPU
		{C99FD9D4-5070-4EB5-9444-98E5A2F0FDDC}.Debug|Any CPU.Build.0 = Debug|Any CPU
		{C99FD9D4-5070-4EB5-9444-98E5A2F0FDDC}.Release|Any CPU.ActiveCfg = Release|Any CPU
		{C99FD9D4-5070-4EB5-9444-98E5A2F0FDDC}.Release|Any CPU.Build.0 = Release|Any CPU
	EndGlobalSection
	GlobalSection(SolutionProperties) = preSolution
		HideSolutionNode = FALSE
	EndGlobalSection
	GlobalSection(NestedProjects) = preSolution
		{E9C3B345-A592-4FE6-BB6D-99372B430316} = {1647AE11-AECC-4293-8BFF-BACA6237BA69}
		{60310901-864E-43E6-8808-FA2412435AF0} = {B4A15B5B-6C31-48A9-A19B-77126B56F6E1}
		{C2DEBB09-F527-46B6-A82B-C00AAA581EE9} = {30054464-61AF-4820-B519-40373B000EC1}
		{1991B48C-9D2F-44F0-BCE7-AECB825A4AE8} = {707846BE-2EA3-4B67-A970-ED9A4DFDF81F}
		{AF451EDC-D1C4-4F93-92F0-B6EDDCD7A56D} = {89478ABD-D968-4D04-A5F4-1766814C0EE6}
		{03D3BB64-BEA9-4B03-8069-1B841CEA2BE0} = {1647AE11-AECC-4293-8BFF-BACA6237BA69}
		{C99FD9D4-5070-4EB5-9444-98E5A2F0FDDC} = {A9CD40BE-C00C-4F98-A6CD-75FD28B30F4F}
	EndGlobalSection
	GlobalSection(ExtensibilityGlobals) = postSolution
		SolutionGuid = {7F91DC34-C7DF-490E-BF16-246D46BEED64}
	EndGlobalSection
EndGlobal
