
Microsoft Visual Studio Solution File, Format Version 12.00
# Visual Studio Version 17
VisualStudioVersion = 17.6.33815.320
MinimumVisualStudioVersion = 10.0.40219.1
Project("{9A19103F-16F7-4668-BE54-9A1E7A4F7556}") = "Server.API", "Server.API.csproj", "{B927228B-C0CD-42FC-8BC0-313489C0ACCE}"
EndProject
Project("{9A19103F-16F7-4668-BE54-9A1E7A4F7556}") = "Client", "..\Client\Client.csproj", "{09AE90C7-0D09-4105-BBC3-72B23012F431}"
EndProject
Project("{9A19103F-16F7-4668-BE54-9A1E7A4F7556}") = "Contracts", "..\Contracts\Contracts.csproj", "{39BE6137-E5A0-400F-A889-6F99F8D7BDE7}"
EndProject
Project("{9A19103F-16F7-4668-BE54-9A1E7A4F7556}") = "Services", "..\Services\Services.csproj", "{3ECD7AB0-8100-4B73-ABDF-67EABAE6DBA4}"
EndProject
Project("{9A19103F-16F7-4668-BE54-9A1E7A4F7556}") = "UI.Infrastructure", "..\UI.Infrastructure\UI.Infrastructure.csproj", "{442C5041-D83E-47FC-9A72-EE94F3330944}"
EndProject
Global
	GlobalSection(SolutionConfigurationPlatforms) = preSolution
		Debug|Any CPU = Debug|Any CPU
		Release|Any CPU = Release|Any CPU
	EndGlobalSection
	GlobalSection(ProjectConfigurationPlatforms) = postSolution
		{B927228B-C0CD-42FC-8BC0-313489C0ACCE}.Debug|Any CPU.ActiveCfg = Debug|Any CPU
		{B927228B-C0CD-42FC-8BC0-313489C0ACCE}.Debug|Any CPU.Build.0 = Debug|Any CPU
		{B927228B-C0CD-42FC-8BC0-313489C0ACCE}.Release|Any CPU.ActiveCfg = Release|Any CPU
		{B927228B-C0CD-42FC-8BC0-313489C0ACCE}.Release|Any CPU.Build.0 = Release|Any CPU
		{09AE90C7-0D09-4105-BBC3-72B23012F431}.Debug|Any CPU.ActiveCfg = Debug|Any CPU
		{09AE90C7-0D09-4105-BBC3-72B23012F431}.Debug|Any CPU.Build.0 = Debug|Any CPU
		{09AE90C7-0D09-4105-BBC3-72B23012F431}.Release|Any CPU.ActiveCfg = Release|Any CPU
		{09AE90C7-0D09-4105-BBC3-72B23012F431}.Release|Any CPU.Build.0 = Release|Any CPU
		{39BE6137-E5A0-400F-A889-6F99F8D7BDE7}.Debug|Any CPU.ActiveCfg = Debug|Any CPU
		{39BE6137-E5A0-400F-A889-6F99F8D7BDE7}.Debug|Any CPU.Build.0 = Debug|Any CPU
		{39BE6137-E5A0-400F-A889-6F99F8D7BDE7}.Release|Any CPU.ActiveCfg = Release|Any CPU
		{39BE6137-E5A0-400F-A889-6F99F8D7BDE7}.Release|Any CPU.Build.0 = Release|Any CPU
		{3ECD7AB0-8100-4B73-ABDF-67EABAE6DBA4}.Debug|Any CPU.ActiveCfg = Debug|Any CPU
		{3ECD7AB0-8100-4B73-ABDF-67EABAE6DBA4}.Debug|Any CPU.Build.0 = Debug|Any CPU
		{3ECD7AB0-8100-4B73-ABDF-67EABAE6DBA4}.Release|Any CPU.ActiveCfg = Release|Any CPU
		{3ECD7AB0-8100-4B73-ABDF-67EABAE6DBA4}.Release|Any CPU.Build.0 = Release|Any CPU
		{442C5041-D83E-47FC-9A72-EE94F3330944}.Debug|Any CPU.ActiveCfg = Debug|Any CPU
		{442C5041-D83E-47FC-9A72-EE94F3330944}.Debug|Any CPU.Build.0 = Debug|Any CPU
		{442C5041-D83E-47FC-9A72-EE94F3330944}.Release|Any CPU.ActiveCfg = Release|Any CPU
		{442C5041-D83E-47FC-9A72-EE94F3330944}.Release|Any CPU.Build.0 = Release|Any CPU
	EndGlobalSection
	GlobalSection(SolutionProperties) = preSolution
		HideSolutionNode = FALSE
	EndGlobalSection
	GlobalSection(ExtensibilityGlobals) = postSolution
		SolutionGuid = {8906BCE7-2963-411F-B388-784860510083}
	EndGlobalSection
EndGlobal
